
Microsoft Visual Studio Solution File, Format Version 12.00
# Visual Studio 15
VisualStudioVersion = 15.0.28010.2003
MinimumVisualStudioVersion = 10.0.40219.1
Project("{FAE04EC0-301F-11D3-BF4B-00C04F79EFBC}") = "Asp Pro", "Asp Pro\Asp Pro.csproj", "{C34EE8FB-E10D-412E-A306-884DDBEE8465}"
EndProject
Global
	GlobalSection(SolutionConfigurationPlatforms) = preSolution
		Debug|Any CPU = Debug|Any CPU
		Release|Any CPU = Release|Any CPU
	EndGlobalSection
	GlobalSection(ProjectConfigurationPlatforms) = postSolution
		{C34EE8FB-E10D-412E-A306-884DDBEE8465}.Debug|Any CPU.ActiveCfg = Debug|Any CPU
		{C34EE8FB-E10D-412E-A306-884DDBEE8465}.Debug|Any CPU.Build.0 = Debug|Any CPU
		{C34EE8FB-E10D-412E-A306-884DDBEE8465}.Release|Any CPU.ActiveCfg = Release|Any CPU
		{C34EE8FB-E10D-412E-A306-884DDBEE8465}.Release|Any CPU.Build.0 = Release|Any CPU
	EndGlobalSection
	GlobalSection(SolutionProperties) = preSolution
		HideSolutionNode = FALSE
	EndGlobalSection
	GlobalSection(ExtensibilityGlobals) = postSolution
		SolutionGuid = {8BD2C421-B731-432F-886F-1FFE39F4421A}
	EndGlobalSection
EndGlobal
